
Microsoft Visual Studio Solution File, Format Version 12.00
# Visual Studio Version 17
VisualStudioVersion = 17.12.35527.113 d17.12
MinimumVisualStudioVersion = 10.0.40219.1
Project("{FAE04EC0-301F-11D3-BF4B-00C04F79EFBC}") = "WindowsFormsApp2_2_10_2025", "WindowsFormsApp2_2_10_2025\WindowsFormsApp2_2_10_2025.csproj", "{4778A244-B0F7-4E4E-8B58-4EB76FC2012C}"
EndProject
Global
	GlobalSection(SolutionConfigurationPlatforms) = preSolution
		Debug|Any CPU = Debug|Any CPU
		Release|Any CPU = Release|Any CPU
	EndGlobalSection
	GlobalSection(ProjectConfigurationPlatforms) = postSolution
		{4778A244-B0F7-4E4E-8B58-4EB76FC2012C}.Debug|Any CPU.ActiveCfg = Debug|Any CPU
		{4778A244-B0F7-4E4E-8B58-4EB76FC2012C}.Debug|Any CPU.Build.0 = Debug|Any CPU
		{4778A244-B0F7-4E4E-8B58-4EB76FC2012C}.Release|Any CPU.ActiveCfg = Release|Any CPU
		{4778A244-B0F7-4E4E-8B58-4EB76FC2012C}.Release|Any CPU.Build.0 = Release|Any CPU
	EndGlobalSection
	GlobalSection(SolutionProperties) = preSolution
		HideSolutionNode = FALSE
	EndGlobalSection
EndGlobal
